
Microsoft Visual Studio Solution File, Format Version 12.00
# Visual Studio 15
VisualStudioVersion = 15.0.26124.0
MinimumVisualStudioVersion = 15.0.26124.0
Project("{FAE04EC0-301F-11D3-BF4B-00C04F79EFBC}") = "PactNet.Library", "PactNet.Library\PactNet.Library.csproj", "{0C60DC28-76E9-4486-8EA7-BD5AAEF2ABD3}"
EndProject
Project("{FAE04EC0-301F-11D3-BF4B-00C04F79EFBC}") = "PactNet.Tests", "PactNet.Tests\PactNet.Tests.csproj", "{C935F355-30FE-406C-B893-CC5786B892BA}"
EndProject
Global
	GlobalSection(SolutionConfigurationPlatforms) = preSolution
		Debug|Any CPU = Debug|Any CPU
		Debug|x64 = Debug|x64
		Debug|x86 = Debug|x86
		Release|Any CPU = Release|Any CPU
		Release|x64 = Release|x64
		Release|x86 = Release|x86
	EndGlobalSection
	GlobalSection(SolutionProperties) = preSolution
		HideSolutionNode = FALSE
	EndGlobalSection
	GlobalSection(ProjectConfigurationPlatforms) = postSolution
		{0C60DC28-76E9-4486-8EA7-BD5AAEF2ABD3}.Debug|Any CPU.ActiveCfg = Debug|Any CPU
		{0C60DC28-76E9-4486-8EA7-BD5AAEF2ABD3}.Debug|Any CPU.Build.0 = Debug|Any CPU
		{0C60DC28-76E9-4486-8EA7-BD5AAEF2ABD3}.Debug|x64.ActiveCfg = Debug|Any CPU
		{0C60DC28-76E9-4486-8EA7-BD5AAEF2ABD3}.Debug|x64.Build.0 = Debug|Any CPU
		{0C60DC28-76E9-4486-8EA7-BD5AAEF2ABD3}.Debug|x86.ActiveCfg = Debug|Any CPU
		{0C60DC28-76E9-4486-8EA7-BD5AAEF2ABD3}.Debug|x86.Build.0 = Debug|Any CPU
		{0C60DC28-76E9-4486-8EA7-BD5AAEF2ABD3}.Release|Any CPU.ActiveCfg = Release|Any CPU
		{0C60DC28-76E9-4486-8EA7-BD5AAEF2ABD3}.Release|Any CPU.Build.0 = Release|Any CPU
		{0C60DC28-76E9-4486-8EA7-BD5AAEF2ABD3}.Release|x64.ActiveCfg = Release|Any CPU
		{0C60DC28-76E9-4486-8EA7-BD5AAEF2ABD3}.Release|x64.Build.0 = Release|Any CPU
		{0C60DC28-76E9-4486-8EA7-BD5AAEF2ABD3}.Release|x86.ActiveCfg = Release|Any CPU
		{0C60DC28-76E9-4486-8EA7-BD5AAEF2ABD3}.Release|x86.Build.0 = Release|Any CPU
		{C935F355-30FE-406C-B893-CC5786B892BA}.Debug|Any CPU.ActiveCfg = Debug|Any CPU
		{C935F355-30FE-406C-B893-CC5786B892BA}.Debug|Any CPU.Build.0 = Debug|Any CPU
		{C935F355-30FE-406C-B893-CC5786B892BA}.Debug|x64.ActiveCfg = Debug|Any CPU
		{C935F355-30FE-406C-B893-CC5786B892BA}.Debug|x64.Build.0 = Debug|Any CPU
		{C935F355-30FE-406C-B893-CC5786B892BA}.Debug|x86.ActiveCfg = Debug|Any CPU
		{C935F355-30FE-406C-B893-CC5786B892BA}.Debug|x86.Build.0 = Debug|Any CPU
		{C935F355-30FE-406C-B893-CC5786B892BA}.Release|Any CPU.ActiveCfg = Release|Any CPU
		{C935F355-30FE-406C-B893-CC5786B892BA}.Release|Any CPU.Build.0 = Release|Any CPU
		{C935F355-30FE-406C-B893-CC5786B892BA}.Release|x64.ActiveCfg = Release|Any CPU
		{C935F355-30FE-406C-B893-CC5786B892BA}.Release|x64.Build.0 = Release|Any CPU
		{C935F355-30FE-406C-B893-CC5786B892BA}.Release|x86.ActiveCfg = Release|Any CPU
		{C935F355-30FE-406C-B893-CC5786B892BA}.Release|x86.Build.0 = Release|Any CPU
	EndGlobalSection
EndGlobal
